
Microsoft Visual Studio Solution File, Format Version 12.00
# Visual Studio 15
VisualStudioVersion = 15.0.27004.2006
MinimumVisualStudioVersion = 10.0.40219.1
Project("{2150E333-8FDC-42A3-9474-1A3956D46DE8}") = "Setup", "Setup", "{379C64CD-6BAC-4FBF-A28B-D3753FCD98A9}"
	ProjectSection(SolutionItems) = preProject
		.dockerignore = .dockerignore
		.travis.yml = .travis.yml
		docker-compose.test.yml = docker-compose.test.yml
		Dockerfile.test = Dockerfile.test
		Dockerfile.test.build = Dockerfile.test.build
		Dockerfile.test.build.sh = Dockerfile.test.build.sh
	EndProjectSection
EndProject
Project("{9A19103F-16F7-4668-BE54-9A1E7A4F7556}") = "Com.Bateeq.Service.Pos.Lib", "Com.Bateeq.Service.Pos.Lib\Com.Bateeq.Service.Pos.Lib.csproj", "{96BAA412-EF1A-47F8-B15F-8E0433CA3E37}"
EndProject
Project("{9A19103F-16F7-4668-BE54-9A1E7A4F7556}") = "Com.Bateeq.Service.Pos.WebApi", "Com.Bateeq.Service.Pos.WebApi\Com.Bateeq.Service.Pos.WebApi.csproj", "{3F27958F-779D-4127-8750-A0902031558D}"
EndProject
Project("{9A19103F-16F7-4668-BE54-9A1E7A4F7556}") = "Com.Bateeq.Service.Pos.Test", "Com.Bateeq.Service.Pos.Test\Com.Bateeq.Service.Pos.Test.csproj", "{3353CB11-76CB-4CF7-94E3-39A175C5F6CE}"
EndProject
Global
	GlobalSection(SolutionConfigurationPlatforms) = preSolution
		Debug|Any CPU = Debug|Any CPU
		Release|Any CPU = Release|Any CPU
	EndGlobalSection
	GlobalSection(ProjectConfigurationPlatforms) = postSolution
		{96BAA412-EF1A-47F8-B15F-8E0433CA3E37}.Debug|Any CPU.ActiveCfg = Debug|Any CPU
		{96BAA412-EF1A-47F8-B15F-8E0433CA3E37}.Debug|Any CPU.Build.0 = Debug|Any CPU
		{96BAA412-EF1A-47F8-B15F-8E0433CA3E37}.Release|Any CPU.ActiveCfg = Release|Any CPU
		{96BAA412-EF1A-47F8-B15F-8E0433CA3E37}.Release|Any CPU.Build.0 = Release|Any CPU
		{3F27958F-779D-4127-8750-A0902031558D}.Debug|Any CPU.ActiveCfg = Debug|Any CPU
		{3F27958F-779D-4127-8750-A0902031558D}.Debug|Any CPU.Build.0 = Debug|Any CPU
		{3F27958F-779D-4127-8750-A0902031558D}.Release|Any CPU.ActiveCfg = Release|Any CPU
		{3F27958F-779D-4127-8750-A0902031558D}.Release|Any CPU.Build.0 = Release|Any CPU
		{3353CB11-76CB-4CF7-94E3-39A175C5F6CE}.Debug|Any CPU.ActiveCfg = Debug|Any CPU
		{3353CB11-76CB-4CF7-94E3-39A175C5F6CE}.Debug|Any CPU.Build.0 = Debug|Any CPU
		{3353CB11-76CB-4CF7-94E3-39A175C5F6CE}.Release|Any CPU.ActiveCfg = Release|Any CPU
		{3353CB11-76CB-4CF7-94E3-39A175C5F6CE}.Release|Any CPU.Build.0 = Release|Any CPU
	EndGlobalSection
	GlobalSection(SolutionProperties) = preSolution
		HideSolutionNode = FALSE
	EndGlobalSection
	GlobalSection(ExtensibilityGlobals) = postSolution
		SolutionGuid = {674649B4-727F-4ECB-A43E-5FB293554E36}
	EndGlobalSection
EndGlobal
